packages:
  - package: dbt-labs/audit_helper
    version: 0.12.1
  - package: dbt-labs/dbt_utils
    version: 1.3.0
  - package: tnightengale/dbt_meta_testing
    version: 0.3.6
  - package: metaplane/dbt_expectations
    version: 0.10.9
  - package: godatadriven/dbt_date
    version: 0.14.2
sha1_hash: 0122350ac55c9b2a85d4c5d2ef047da3f0766351
